<?xml version="1.0" encoding="utf-8"?>
<Project ToolsVersion="4.0" xmlns="http://schemas.microsoft.com/developer/msbuild/2003">
  <ItemGroup>
    <Filter Include="Source Files">
      <UniqueIdentifier>{4FC737F1-C7A5-4376-A066-2A32D752A2FF}</UniqueIdentifier>
      <Extensions>cpp;c;cc;cxx;def;odl;idl;hpj;bat;asm;asmx</Extensions>
    </Filter>
    <Filter Include="Header Files">
      <UniqueIdentifier>{93995380-89BD-4b04-88EB-625FBE52EBFB}</UniqueIdentifier>
      <Extensions>h;hh;hpp;hxx;hm;inl;inc;xsd</Extensions>
    </Filter>
    <Filter Include="Resource Files">
      <UniqueIdentifier>{67DA6AB6-F800-4c08-8B7A-83BB121AAD01}</UniqueIdentifier>
      <Extensions>rc;ico;cur;bmp;dlg;rc2;rct;bin;rgs;gif;jpg;jpeg;jpe;resx;tiff;tif;png;wav;mfcribbon-ms</Extensions>
    </Filter>
    <Filter Include="Header Files\PG">
      <UniqueIdentifier>{fd01ecdf-464c-4c0b-bed2-a29bb95807bc}</UniqueIdentifier>
    </Filter>
    <Filter Include="Header Files\PG\Engine">
      <UniqueIdentifier>{556ca62f-f9b0-4ad0-8b0d-4eaf0f7fa5fe}</UniqueIdentifier>
    </Filter>
    <Filter Include="Header Files\PG\Engine\Asset">
      <UniqueIdentifier>{36d17203-4fb1-4cd3-a1c0-1398130957c2}</UniqueIdentifier>
    </Filter>
    <Filter Include="Header Files\PG\Engine\Scene">
      <UniqueIdentifier>{6bd2a178-0234-4cb8-bf0e-b5578e4c7da3}</UniqueIdentifier>
    </Filter>
    <Filter Include="Header Files\PG\Gui">
      <UniqueIdentifier>{bae6f3b4-74f4-4527-9c9d-4dd39312b907}</UniqueIdentifier>
    </Filter>
    <Filter Include="Header Files\PG\Core">
      <UniqueIdentifier>{efb77372-d6d4-486e-b8b2-a537352d7f7d}</UniqueIdentifier>
    </Filter>
    <Filter Include="Header Files\GameEditor">
      <UniqueIdentifier>{42b202fa-9c3f-4431-af9f-8c8e719f198e}</UniqueIdentifier>
    </Filter>
    <Filter Include="Header Files\GameEditor\Mesh">
      <UniqueIdentifier>{186ee313-c315-4b81-8b91-41444038fee1}</UniqueIdentifier>
    </Filter>
    <Filter Include="Header Files\PG\Engine\Container">
      <UniqueIdentifier>{11117768-d307-43b0-ac52-64933820979c}</UniqueIdentifier>
    </Filter>
    <Filter Include="Header Files\PG\Engine\Renderer">
      <UniqueIdentifier>{aaef036d-69f7-4a13-9f7a-c43eb2f10e5f}</UniqueIdentifier>
    </Filter>
    <Filter Include="Header Files\PG\Gui\Element">
      <UniqueIdentifier>{ab25fff7-c81c-4b5f-ae70-85634104da8a}</UniqueIdentifier>
    </Filter>
    <Filter Include="Header Files\GameEditor\Gui">
      <UniqueIdentifier>{edb987d8-456e-442f-9396-c67a13f54137}</UniqueIdentifier>
    </Filter>
    <Filter Include="Header Files\PG\Engine\Renderer\Mesh">
      <UniqueIdentifier>{27de8a22-29f5-4c40-810b-1e90ec8bf9e2}</UniqueIdentifier>
    </Filter>
    <Filter Include="Header Files\GameEditor\Scene">
      <UniqueIdentifier>{b1d5f6c7-4812-4961-aca3-1c3762933421}</UniqueIdentifier>
    </Filter>
    <Filter Include="Header Files\PG\Engine\Renderer\ShaderProgram">
      <UniqueIdentifier>{cbd7069d-bb24-4c6c-9ef5-d59d7c15828d}</UniqueIdentifier>
    </Filter>
    <Filter Include="Header Files\GameEditor\Entities">
      <UniqueIdentifier>{ee34aaf3-b34d-47a5-ab73-07269fea33d9}</UniqueIdentifier>
    </Filter>
    <Filter Include="Header Files\GameEditor\FileData">
      <UniqueIdentifier>{aefee0ac-8c3b-4a69-9a31-632ee2f229ed}</UniqueIdentifier>
    </Filter>
    <Filter Include="Header Files\PG\Engine\Animation">
      <UniqueIdentifier>{69f41a1a-cfee-43a7-b6b7-f4c0e5c868b8}</UniqueIdentifier>
    </Filter>
    <Filter Include="Header Files\GameEditor\Animation">
      <UniqueIdentifier>{d9e541b4-fded-4cd7-9612-015deadb092c}</UniqueIdentifier>
    </Filter>
  </ItemGroup>
  <ItemGroup>
    <Text Include="ReadMe.txt" />
    <Text Include="..\Brainstorm.txt">
      <Filter>Header Files</Filter>
    </Text>
  </ItemGroup>
  <ItemGroup>
    <ClInclude Include="targetver.h">
      <Filter>Header Files</Filter>
    </ClInclude>
    <ClInclude Include="stdafx.h">
      <Filter>Header Files</Filter>
    </ClInclude>
    <ClInclude Include="PGMapGrid.h">
      <Filter>Header Files\GameEditor</Filter>
    </ClInclude>
    <ClInclude Include="PGMapAtlas.h">
      <Filter>Header Files\GameEditor</Filter>
    </ClInclude>
    <ClInclude Include="EngineInstance.h">
      <Filter>Header Files\PG\Engine</Filter>
    </ClInclude>
    <ClInclude Include="AssetManager.h">
      <Filter>Header Files\PG\Engine\Asset</Filter>
    </ClInclude>
    <ClInclude Include="Font.h">
      <Filter>Header Files\PG\Engine\Asset</Filter>
    </ClInclude>
    <ClInclude Include="Entity.h">
      <Filter>Header Files\PG\Engine\Scene</Filter>
    </ClInclude>
    <ClInclude Include="Camera.h">
      <Filter>Header Files\PG\Engine\Scene</Filter>
    </ClInclude>
    <ClInclude Include="Scene.h">
      <Filter>Header Files\PG\Engine\Scene</Filter>
    </ClInclude>
    <ClInclude Include="Controler.h">
      <Filter>Header Files\PG\Engine</Filter>
    </ClInclude>
    <ClInclude Include="MousePicker.h">
      <Filter>Header Files\PG\Engine</Filter>
    </ClInclude>
    <ClInclude Include="PGShaderSources.h">
      <Filter>Header Files\PG</Filter>
    </ClInclude>
    <ClInclude Include="Core.h">
      <Filter>Header Files\PG\Core</Filter>
    </ClInclude>
    <ClInclude Include="String.h">
      <Filter>Header Files\PG\Core</Filter>
    </ClInclude>
    <ClInclude Include="List.h">
      <Filter>Header Files\PG\Core</Filter>
    </ClInclude>
    <ClInclude Include="Tree.h">
      <Filter>Header Files\PG\Core</Filter>
    </ClInclude>
    <ClInclude Include="Primitive.h">
      <Filter>Header Files\PG\Core</Filter>
    </ClInclude>
    <ClInclude Include="GameWindow.h">
      <Filter>Header Files\PG\Engine</Filter>
    </ClInclude>
    <ClInclude Include="BuildableObject.h">
      <Filter>Header Files\PG\Engine</Filter>
    </ClInclude>
    <ClInclude Include="BaseRenderer.h">
      <Filter>Header Files\PG\Engine\Renderer</Filter>
    </ClInclude>
    <ClInclude Include="Shader.h">
      <Filter>Header Files\PG\Engine\Renderer</Filter>
    </ClInclude>
    <ClInclude Include="Mesh.h">
      <Filter>Header Files\PG\Engine\Renderer</Filter>
    </ClInclude>
    <ClInclude Include="GameModel.h">
      <Filter>Header Files\PG\Engine\Asset</Filter>
    </ClInclude>
    <ClInclude Include="Texture.h">
      <Filter>Header Files\PG\Engine\Asset</Filter>
    </ClInclude>
    <ClInclude Include="GUICore.h">
      <Filter>Header Files\PG\Gui</Filter>
    </ClInclude>
    <ClInclude Include="Buffer.h">
      <Filter>Header Files\PG\Core</Filter>
    </ClInclude>
    <ClInclude Include="EngineObject.h">
      <Filter>Header Files\PG\Engine</Filter>
    </ClInclude>
    <ClInclude Include="EngineObjectList.h">
      <Filter>Header Files\PG\Engine\Container</Filter>
    </ClInclude>
    <ClInclude Include="DropDownMenu.h">
      <Filter>Header Files\PG\Gui\Element</Filter>
    </ClInclude>
    <ClInclude Include="TreeSelectorMenu.h">
      <Filter>Header Files\PG\Gui\Element</Filter>
    </ClInclude>
    <ClInclude Include="Label.h">
      <Filter>Header Files\PG\Gui\Element</Filter>
    </ClInclude>
    <ClInclude Include="UIElement.h">
      <Filter>Header Files\PG\Gui\Element</Filter>
    </ClInclude>
    <ClInclude Include="WindowMenu.h">
      <Filter>Header Files\PG\Gui\Element</Filter>
    </ClInclude>
    <ClInclude Include="Panel.h">
      <Filter>Header Files\PG\Gui\Element</Filter>
    </ClInclude>
    <ClInclude Include="Button.h">
      <Filter>Header Files\PG\Gui\Element</Filter>
    </ClInclude>
    <ClInclude Include="ImageBox.h">
      <Filter>Header Files\PG\Gui\Element</Filter>
    </ClInclude>
    <ClInclude Include="PGMeshInstance.h">
      <Filter>Header Files\GameEditor</Filter>
    </ClInclude>
    <ClInclude Include="AxisMesh.h">
      <Filter>Header Files\PG\Engine\Renderer\Mesh</Filter>
    </ClInclude>
    <ClInclude Include="GUICanvas.h">
      <Filter>Header Files\PG\Gui</Filter>
    </ClInclude>
    <ClInclude Include="TextBox.h">
      <Filter>Header Files\PG\Gui\Element</Filter>
    </ClInclude>
    <ClInclude Include="ShaderProgram.h">
      <Filter>Header Files\PG\Engine\Renderer\ShaderProgram</Filter>
    </ClInclude>
    <ClInclude Include="CombatScene.h">
      <Filter>Header Files\GameEditor\Scene</Filter>
    </ClInclude>
    <ClInclude Include="MapEditorScene.h">
      <Filter>Header Files\GameEditor\Scene</Filter>
    </ClInclude>
    <ClInclude Include="EditorInstance.h">
      <Filter>Header Files\GameEditor</Filter>
    </ClInclude>
    <ClInclude Include="HexaGridMapShaderProgram.h">
      <Filter>Header Files\PG\Engine\Renderer\ShaderProgram</Filter>
    </ClInclude>
    <ClInclude Include="BaseMesh.h">
      <Filter>Header Files\PG\Engine\Renderer\Mesh</Filter>
    </ClInclude>
    <ClInclude Include="HexaGridMapMesh.h">
      <Filter>Header Files\PG\Engine\Renderer\Mesh</Filter>
    </ClInclude>
    <ClInclude Include="TextMesh.h">
      <Filter>Header Files\PG\Engine\Renderer\Mesh</Filter>
    </ClInclude>
    <ClInclude Include="HexaGridMapMeshV2.h">
      <Filter>Header Files\GameEditor\Mesh</Filter>
    </ClInclude>
    <ClInclude Include="GridRawDataV2.h">
      <Filter>Header Files\GameEditor\FileData</Filter>
    </ClInclude>
    <ClInclude Include="ModelRawDataV1.h">
      <Filter>Header Files\GameEditor\FileData</Filter>
    </ClInclude>
    <ClInclude Include="FileMtlRawDataV2.h">
      <Filter>Header Files\GameEditor\FileData</Filter>
    </ClInclude>
    <ClInclude Include="ModelMeshV1.h">
      <Filter>Header Files\GameEditor\Mesh</Filter>
    </ClInclude>
    <ClInclude Include="ModelShaderProgram.h">
      <Filter>Header Files\PG\Engine\Renderer\ShaderProgram</Filter>
    </ClInclude>
    <ClInclude Include="MapAtlasRawDataV1.h">
      <Filter>Header Files\GameEditor\FileData</Filter>
    </ClInclude>
    <ClInclude Include="ModelAtlasFile.h">
      <Filter>Header Files\GameEditor\FileData</Filter>
    </ClInclude>
    <ClInclude Include="IAnimation.h">
      <Filter>Header Files\PG\Engine\Animation</Filter>
    </ClInclude>
    <ClInclude Include="AnimatorManager.h">
      <Filter>Header Files\PG\Engine\Animation</Filter>
    </ClInclude>
    <ClInclude Include="Debugger.h">
      <Filter>Header Files\PG\Engine</Filter>
    </ClInclude>
    <ClInclude Include="SolarSystemEntities.h">
      <Filter>Header Files\GameEditor\Entities</Filter>
    </ClInclude>
    <ClInclude Include="DayTimeAnimation.h">
      <Filter>Header Files\GameEditor\Animation</Filter>
    </ClInclude>
    <ClInclude Include="Light.h">
      <Filter>Header Files\PG\Engine\Renderer</Filter>
    </ClInclude>
    <ClInclude Include="Material.h">
      <Filter>Header Files\PG\Engine\Renderer</Filter>
    </ClInclude>
  </ItemGroup>
  <ItemGroup>
    <ClCompile Include="stdafx.cpp">
      <Filter>Source Files</Filter>
    </ClCompile>
    <ClCompile Include="main.cpp">
      <Filter>Source Files</Filter>
    </ClCompile>
    <ClCompile Include="ShaderProgram.cpp">
      <Filter>Header Files\PG\Engine\Renderer\ShaderProgram</Filter>
    </ClCompile>
    <ClCompile Include="CombatScene.cpp">
      <Filter>Header Files\GameEditor\Scene</Filter>
    </ClCompile>
    <ClCompile Include="MapEditorScene.cpp">
      <Filter>Header Files\GameEditor\Scene</Filter>
    </ClCompile>
    <ClCompile Include="EditorInstance.cpp">
      <Filter>Header Files\GameEditor</Filter>
    </ClCompile>
    <ClCompile Include="HexaGridMapShaderProgram.cpp">
      <Filter>Header Files\PG\Engine\Renderer\ShaderProgram</Filter>
    </ClCompile>
    <ClCompile Include="BaseMesh.cpp">
      <Filter>Header Files\PG\Engine\Renderer\Mesh</Filter>
    </ClCompile>
    <ClCompile Include="HexaGridMapMesh.cpp">
      <Filter>Header Files\PG\Engine\Renderer\Mesh</Filter>
    </ClCompile>
    <ClCompile Include="HexaGridMapMeshV2.cpp">
      <Filter>Header Files\GameEditor\Mesh</Filter>
    </ClCompile>
    <ClCompile Include="GridRawDataV2.cpp">
      <Filter>Header Files\GameEditor\FileData</Filter>
    </ClCompile>
    <ClCompile Include="ModelRawDataV1.cpp">
      <Filter>Header Files\GameEditor\FileData</Filter>
    </ClCompile>
    <ClCompile Include="FileMtlRawDataV2.cpp">
      <Filter>Header Files\GameEditor\FileData</Filter>
    </ClCompile>
    <ClCompile Include="ModelMeshV1.cpp">
      <Filter>Header Files\GameEditor\Mesh</Filter>
    </ClCompile>
    <ClCompile Include="ModelShaderProgram.cpp">
      <Filter>Header Files\PG\Engine\Renderer\ShaderProgram</Filter>
    </ClCompile>
    <ClCompile Include="MapAtlasRawDataV1.cpp">
      <Filter>Header Files\GameEditor\FileData</Filter>
    </ClCompile>
    <ClCompile Include="ModelAtlasFile.cpp">
      <Filter>Header Files\GameEditor\FileData</Filter>
    </ClCompile>
    <ClCompile Include="IAnimation.cpp">
      <Filter>Header Files\PG\Engine\Animation</Filter>
    </ClCompile>
    <ClCompile Include="Camera.cpp">
      <Filter>Header Files\PG\Engine\Scene</Filter>
    </ClCompile>
    <ClCompile Include="AnimatorManager.cpp">
      <Filter>Header Files\PG\Engine\Animation</Filter>
    </ClCompile>
    <ClCompile Include="Debugger.cpp">
      <Filter>Header Files\PG\Engine</Filter>
    </ClCompile>
    <ClCompile Include="SolarSystemEntities.cpp">
      <Filter>Header Files\GameEditor\Entities</Filter>
    </ClCompile>
    <ClCompile Include="DayTimeAnimation.cpp">
      <Filter>Header Files\GameEditor\Animation</Filter>
    </ClCompile>
    <ClCompile Include="GUICanvas.cpp">
      <Filter>Header Files\PG\Gui</Filter>
    </ClCompile>
    <ClCompile Include="Light.cpp">
      <Filter>Header Files\PG\Engine\Renderer</Filter>
    </ClCompile>
    <ClCompile Include="Material.cpp">
      <Filter>Header Files\PG\Engine\Renderer</Filter>
    </ClCompile>
  </ItemGroup>
</Project>